
Microsoft Visual Studio Solution File, Format Version 11.00
# Visual Studio 2010
Project("{FAE04EC0-301F-11D3-BF4B-00C04F79EFBC}") = "ADDemo", "ADTest\ADDemo.csproj", "{AAE83023-A568-4C91-BA86-8F11BD5769DB}"
EndProject
Project("{FAE04EC0-301F-11D3-BF4B-00C04F79EFBC}") = "ADLib", "ADLib\ADLib.csproj", "{F39BEAA7-0628-4C80-8F98-FBEBF5EE86D9}"
EndProject
Global
	GlobalSection(SolutionConfigurationPlatforms) = preSolution
		Debug|Any CPU = Debug|Any CPU
		Debug|Mixed Platforms = Debug|Mixed Platforms
		Debug|x86 = Debug|x86
		Release|Any CPU = Release|Any CPU
		Release|Mixed Platforms = Release|Mixed Platforms
		Release|x86 = Release|x86
	EndGlobalSection
	GlobalSection(ProjectConfigurationPlatforms) = postSolution
		{AAE83023-A568-4C91-BA86-8F11BD5769DB}.Debug|Any CPU.ActiveCfg = Debug|x86
		{AAE83023-A568-4C91-BA86-8F11BD5769DB}.Debug|Mixed Platforms.ActiveCfg = Debug|x86
		{AAE83023-A568-4C91-BA86-8F11BD5769DB}.Debug|Mixed Platforms.Build.0 = Debug|x86
		{AAE83023-A568-4C91-BA86-8F11BD5769DB}.Debug|x86.ActiveCfg = Debug|x86
		{AAE83023-A568-4C91-BA86-8F11BD5769DB}.Debug|x86.Build.0 = Debug|x86
		{AAE83023-A568-4C91-BA86-8F11BD5769DB}.Release|Any CPU.ActiveCfg = Release|x86
		{AAE83023-A568-4C91-BA86-8F11BD5769DB}.Release|Mixed Platforms.ActiveCfg = Release|x86
		{AAE83023-A568-4C91-BA86-8F11BD5769DB}.Release|Mixed Platforms.Build.0 = Release|x86
		{AAE83023-A568-4C91-BA86-8F11BD5769DB}.Release|x86.ActiveCfg = Release|x86
		{AAE83023-A568-4C91-BA86-8F11BD5769DB}.Release|x86.Build.0 = Release|x86
		{F39BEAA7-0628-4C80-8F98-FBEBF5EE86D9}.Debug|Any CPU.ActiveCfg = Debug|Any CPU
		{F39BEAA7-0628-4C80-8F98-FBEBF5EE86D9}.Debug|Any CPU.Build.0 = Debug|Any CPU
		{F39BEAA7-0628-4C80-8F98-FBEBF5EE86D9}.Debug|Mixed Platforms.ActiveCfg = Debug|Any CPU
		{F39BEAA7-0628-4C80-8F98-FBEBF5EE86D9}.Debug|Mixed Platforms.Build.0 = Debug|Any CPU
		{F39BEAA7-0628-4C80-8F98-FBEBF5EE86D9}.Debug|x86.ActiveCfg = Debug|Any CPU
		{F39BEAA7-0628-4C80-8F98-FBEBF5EE86D9}.Release|Any CPU.ActiveCfg = Release|Any CPU
		{F39BEAA7-0628-4C80-8F98-FBEBF5EE86D9}.Release|Any CPU.Build.0 = Release|Any CPU
		{F39BEAA7-0628-4C80-8F98-FBEBF5EE86D9}.Release|Mixed Platforms.ActiveCfg = Release|Any CPU
		{F39BEAA7-0628-4C80-8F98-FBEBF5EE86D9}.Release|Mixed Platforms.Build.0 = Release|Any CPU
		{F39BEAA7-0628-4C80-8F98-FBEBF5EE86D9}.Release|x86.ActiveCfg = Release|Any CPU
	EndGlobalSection
	GlobalSection(SolutionProperties) = preSolution
		HideSolutionNode = FALSE
	EndGlobalSection
EndGlobal
